
Microsoft Visual Studio Solution File, Format Version 12.00
# Visual Studio Version 17
VisualStudioVersion = 17.9.34728.123
MinimumVisualStudioVersion = 10.0.40219.1
Project("{2150E333-8FDC-42A3-9474-1A3956D46DE8}") = "Solution Items", "Solution Items", "{688D9712-E4EF-4D3B-95E4-1ED711214963}"
	ProjectSection(SolutionItems) = preProject
		README.md = README.md
	EndProjectSection
EndProject
Project("{2150E333-8FDC-42A3-9474-1A3956D46DE8}") = "src", "src", "{463FEB65-D1AF-49CB-A923-20412D3446DB}"
EndProject
Project("{2150E333-8FDC-42A3-9474-1A3956D46DE8}") = "tests", "tests", "{A937DF08-9FFB-4C07-BE24-7C98F60829A7}"
EndProject
Project("{9A19103F-16F7-4668-BE54-9A1E7A4F7556}") = "eCommerceServer.Application", "src\eCommerceServer.Application\eCommerceServer.Application.csproj", "{C20552D5-E5B6-4CBE-8DD4-D7FE85BFD3F1}"
EndProject
Project("{9A19103F-16F7-4668-BE54-9A1E7A4F7556}") = "eCommerceServer.Domain", "src\eCommerceServer.Domain\eCommerceServer.Domain.csproj", "{1383830B-F3C2-42F9-BA15-5C8BB29D3518}"
EndProject
Project("{9A19103F-16F7-4668-BE54-9A1E7A4F7556}") = "eCommerceServer.Infrastructure", "src\eCommerceServer.Infrastructure\eCommerceServer.Infrastructure.csproj", "{5B43B89E-5637-4A90-A8EC-60F33EBDB9EB}"
EndProject
Project("{9A19103F-16F7-4668-BE54-9A1E7A4F7556}") = "eCommerceServer.WebAPI", "src\eCommerceServer.WebAPI\eCommerceServer.WebAPI.csproj", "{729FE64E-259E-4F00-BDE1-A529A948CD24}"
EndProject
Project("{9A19103F-16F7-4668-BE54-9A1E7A4F7556}") = "Categories.Application.Tests.Unit", "tests\Categories.Application.Tests.Unit\Categories.Application.Tests.Unit.csproj", "{E83F832A-A7EE-445E-B0D4-D075F6970359}"
EndProject
Project("{FAE04EC0-301F-11D3-BF4B-00C04F79EFBC}") = "Companies.Application.Tests.Unit", "tests\Companies.Application.Tests.Unit\Companies.Application.Tests.Unit.csproj", "{4A5EF455-DADC-4587-B2BF-9076E7495D1C}"
EndProject
Global
	GlobalSection(SolutionConfigurationPlatforms) = preSolution
		Debug|Any CPU = Debug|Any CPU
		Release|Any CPU = Release|Any CPU
	EndGlobalSection
	GlobalSection(ProjectConfigurationPlatforms) = postSolution
		{C20552D5-E5B6-4CBE-8DD4-D7FE85BFD3F1}.Debug|Any CPU.ActiveCfg = Debug|Any CPU
		{C20552D5-E5B6-4CBE-8DD4-D7FE85BFD3F1}.Debug|Any CPU.Build.0 = Debug|Any CPU
		{C20552D5-E5B6-4CBE-8DD4-D7FE85BFD3F1}.Release|Any CPU.ActiveCfg = Release|Any CPU
		{C20552D5-E5B6-4CBE-8DD4-D7FE85BFD3F1}.Release|Any CPU.Build.0 = Release|Any CPU
		{1383830B-F3C2-42F9-BA15-5C8BB29D3518}.Debug|Any CPU.ActiveCfg = Debug|Any CPU
		{1383830B-F3C2-42F9-BA15-5C8BB29D3518}.Debug|Any CPU.Build.0 = Debug|Any CPU
		{1383830B-F3C2-42F9-BA15-5C8BB29D3518}.Release|Any CPU.ActiveCfg = Release|Any CPU
		{1383830B-F3C2-42F9-BA15-5C8BB29D3518}.Release|Any CPU.Build.0 = Release|Any CPU
		{5B43B89E-5637-4A90-A8EC-60F33EBDB9EB}.Debug|Any CPU.ActiveCfg = Debug|Any CPU
		{5B43B89E-5637-4A90-A8EC-60F33EBDB9EB}.Debug|Any CPU.Build.0 = Debug|Any CPU
		{5B43B89E-5637-4A90-A8EC-60F33EBDB9EB}.Release|Any CPU.ActiveCfg = Release|Any CPU
		{5B43B89E-5637-4A90-A8EC-60F33EBDB9EB}.Release|Any CPU.Build.0 = Release|Any CPU
		{729FE64E-259E-4F00-BDE1-A529A948CD24}.Debug|Any CPU.ActiveCfg = Debug|Any CPU
		{729FE64E-259E-4F00-BDE1-A529A948CD24}.Debug|Any CPU.Build.0 = Debug|Any CPU
		{729FE64E-259E-4F00-BDE1-A529A948CD24}.Release|Any CPU.ActiveCfg = Release|Any CPU
		{729FE64E-259E-4F00-BDE1-A529A948CD24}.Release|Any CPU.Build.0 = Release|Any CPU
		{E83F832A-A7EE-445E-B0D4-D075F6970359}.Debug|Any CPU.ActiveCfg = Debug|Any CPU
		{E83F832A-A7EE-445E-B0D4-D075F6970359}.Debug|Any CPU.Build.0 = Debug|Any CPU
		{E83F832A-A7EE-445E-B0D4-D075F6970359}.Release|Any CPU.ActiveCfg = Release|Any CPU
		{E83F832A-A7EE-445E-B0D4-D075F6970359}.Release|Any CPU.Build.0 = Release|Any CPU
		{4A5EF455-DADC-4587-B2BF-9076E7495D1C}.Debug|Any CPU.ActiveCfg = Debug|Any CPU
		{4A5EF455-DADC-4587-B2BF-9076E7495D1C}.Debug|Any CPU.Build.0 = Debug|Any CPU
		{4A5EF455-DADC-4587-B2BF-9076E7495D1C}.Release|Any CPU.ActiveCfg = Release|Any CPU
		{4A5EF455-DADC-4587-B2BF-9076E7495D1C}.Release|Any CPU.Build.0 = Release|Any CPU
	EndGlobalSection
	GlobalSection(SolutionProperties) = preSolution
		HideSolutionNode = FALSE
	EndGlobalSection
	GlobalSection(NestedProjects) = preSolution
		{C20552D5-E5B6-4CBE-8DD4-D7FE85BFD3F1} = {463FEB65-D1AF-49CB-A923-20412D3446DB}
		{1383830B-F3C2-42F9-BA15-5C8BB29D3518} = {463FEB65-D1AF-49CB-A923-20412D3446DB}
		{5B43B89E-5637-4A90-A8EC-60F33EBDB9EB} = {463FEB65-D1AF-49CB-A923-20412D3446DB}
		{729FE64E-259E-4F00-BDE1-A529A948CD24} = {463FEB65-D1AF-49CB-A923-20412D3446DB}
		{E83F832A-A7EE-445E-B0D4-D075F6970359} = {A937DF08-9FFB-4C07-BE24-7C98F60829A7}
		{4A5EF455-DADC-4587-B2BF-9076E7495D1C} = {A937DF08-9FFB-4C07-BE24-7C98F60829A7}
	EndGlobalSection
	GlobalSection(ExtensibilityGlobals) = postSolution
		SolutionGuid = {516FFB9E-0EB4-4BA7-9AEF-FA9E535C5D46}
	EndGlobalSection
EndGlobal
