
Microsoft Visual Studio Solution File, Format Version 12.00
# Visual Studio Version 17
VisualStudioVersion = 17.9.34728.123
MinimumVisualStudioVersion = 10.0.40219.1
Project("{FAE04EC0-301F-11D3-BF4B-00C04F79EFBC}") = "eCommerceServer.Domain", "eCommerceServer.Domain\eCommerceServer.Domain.csproj", "{0CDF997B-6738-49F3-BC90-7ECF529C7F67}"
EndProject
Project("{2150E333-8FDC-42A3-9474-1A3956D46DE8}") = "Solution Items", "Solution Items", "{688D9712-E4EF-4D3B-95E4-1ED711214963}"
	ProjectSection(SolutionItems) = preProject
		README.md = README.md
	EndProjectSection
EndProject
Global
	GlobalSection(SolutionConfigurationPlatforms) = preSolution
		Debug|Any CPU = Debug|Any CPU
		Release|Any CPU = Release|Any CPU
	EndGlobalSection
	GlobalSection(ProjectConfigurationPlatforms) = postSolution
		{0CDF997B-6738-49F3-BC90-7ECF529C7F67}.Debug|Any CPU.ActiveCfg = Debug|Any CPU
		{0CDF997B-6738-49F3-BC90-7ECF529C7F67}.Debug|Any CPU.Build.0 = Debug|Any CPU
		{0CDF997B-6738-49F3-BC90-7ECF529C7F67}.Release|Any CPU.ActiveCfg = Release|Any CPU
		{0CDF997B-6738-49F3-BC90-7ECF529C7F67}.Release|Any CPU.Build.0 = Release|Any CPU
	EndGlobalSection
	GlobalSection(SolutionProperties) = preSolution
		HideSolutionNode = FALSE
	EndGlobalSection
	GlobalSection(ExtensibilityGlobals) = postSolution
		SolutionGuid = {516FFB9E-0EB4-4BA7-9AEF-FA9E535C5D46}
	EndGlobalSection
EndGlobal
